
Microsoft Visual Studio Solution File, Format Version 12.00
# Visual Studio Version 16
VisualStudioVersion = 16.0.28922.388
MinimumVisualStudioVersion = 10.0.40219.1
Project("{FAE04EC0-301F-11D3-BF4B-00C04F79EFBC}") = "ArtAuction.Android", "ArtAuction\ArtAuction.Android\ArtAuction.Android.csproj", "{E49EA5D0-D3A1-4B20-A8EF-52F1B61687D0}"
EndProject
Project("{FAE04EC0-301F-11D3-BF4B-00C04F79EFBC}") = "ArtAuction.iOS", "ArtAuction\ArtAuction.iOS\ArtAuction.iOS.csproj", "{D4E12AB7-7A01-4D1D-8356-1BF724C601A2}"
EndProject
Project("{9A19103F-16F7-4668-BE54-9A1E7A4F7556}") = "ArtAuction", "ArtAuction\ArtAuction\ArtAuction.csproj", "{1FB47933-1BC0-40B2-AD3A-F719FC83852E}"
EndProject
Global
	GlobalSection(SolutionConfigurationPlatforms) = preSolution
		Ad-Hoc|Any CPU = Ad-Hoc|Any CPU
		Ad-Hoc|ARM = Ad-Hoc|ARM
		Ad-Hoc|iPhone = Ad-Hoc|iPhone
		Ad-Hoc|iPhoneSimulator = Ad-Hoc|iPhoneSimulator
		Ad-Hoc|x64 = Ad-Hoc|x64
		Ad-Hoc|x86 = Ad-Hoc|x86
		AppStore|Any CPU = AppStore|Any CPU
		AppStore|ARM = AppStore|ARM
		AppStore|iPhone = AppStore|iPhone
		AppStore|iPhoneSimulator = AppStore|iPhoneSimulator
		AppStore|x64 = AppStore|x64
		AppStore|x86 = AppStore|x86
		Debug|Any CPU = Debug|Any CPU
		Debug|ARM = Debug|ARM
		Debug|iPhone = Debug|iPhone
		Debug|iPhoneSimulator = Debug|iPhoneSimulator
		Debug|x64 = Debug|x64
		Debug|x86 = Debug|x86
		Release|Any CPU = Release|Any CPU
		Release|ARM = Release|ARM
		Release|iPhone = Release|iPhone
		Release|iPhoneSimulator = Release|iPhoneSimulator
		Release|x64 = Release|x64
		Release|x86 = Release|x86
	EndGlobalSection
	GlobalSection(ProjectConfigurationPlatforms) = postSolution
		{E49EA5D0-D3A1-4B20-A8EF-52F1B61687D0}.Ad-Hoc|Any CPU.ActiveCfg = Release|Any CPU
		{E49EA5D0-D3A1-4B20-A8EF-52F1B61687D0}.Ad-Hoc|Any CPU.Build.0 = Release|Any CPU
		{E49EA5D0-D3A1-4B20-A8EF-52F1B61687D0}.Ad-Hoc|Any CPU.Deploy.0 = Release|Any CPU
		{E49EA5D0-D3A1-4B20-A8EF-52F1B61687D0}.Ad-Hoc|ARM.ActiveCfg = Release|Any CPU
		{E49EA5D0-D3A1-4B20-A8EF-52F1B61687D0}.Ad-Hoc|ARM.Build.0 = Release|Any CPU
		{E49EA5D0-D3A1-4B20-A8EF-52F1B61687D0}.Ad-Hoc|ARM.Deploy.0 = Release|Any CPU
		{E49EA5D0-D3A1-4B20-A8EF-52F1B61687D0}.Ad-Hoc|iPhone.ActiveCfg = Release|Any CPU
		{E49EA5D0-D3A1-4B20-A8EF-52F1B61687D0}.Ad-Hoc|iPhone.Build.0 = Release|Any CPU
		{E49EA5D0-D3A1-4B20-A8EF-52F1B61687D0}.Ad-Hoc|iPhone.Deploy.0 = Release|Any CPU
		{E49EA5D0-D3A1-4B20-A8EF-52F1B61687D0}.Ad-Hoc|iPhoneSimulator.ActiveCfg = Release|Any CPU
		{E49EA5D0-D3A1-4B20-A8EF-52F1B61687D0}.Ad-Hoc|iPhoneSimulator.Build.0 = Release|Any CPU
		{E49EA5D0-D3A1-4B20-A8EF-52F1B61687D0}.Ad-Hoc|iPhoneSimulator.Deploy.0 = Release|Any CPU
		{E49EA5D0-D3A1-4B20-A8EF-52F1B61687D0}.Ad-Hoc|x64.ActiveCfg = Release|Any CPU
		{E49EA5D0-D3A1-4B20-A8EF-52F1B61687D0}.Ad-Hoc|x64.Build.0 = Release|Any CPU
		{E49EA5D0-D3A1-4B20-A8EF-52F1B61687D0}.Ad-Hoc|x64.Deploy.0 = Release|Any CPU
		{E49EA5D0-D3A1-4B20-A8EF-52F1B61687D0}.Ad-Hoc|x86.ActiveCfg = Release|Any CPU
		{E49EA5D0-D3A1-4B20-A8EF-52F1B61687D0}.Ad-Hoc|x86.Build.0 = Release|Any CPU
		{E49EA5D0-D3A1-4B20-A8EF-52F1B61687D0}.Ad-Hoc|x86.Deploy.0 = Release|Any CPU
		{E49EA5D0-D3A1-4B20-A8EF-52F1B61687D0}.AppStore|Any CPU.ActiveCfg = Release|Any CPU
		{E49EA5D0-D3A1-4B20-A8EF-52F1B61687D0}.AppStore|Any CPU.Build.0 = Release|Any CPU
		{E49EA5D0-D3A1-4B20-A8EF-52F1B61687D0}.AppStore|Any CPU.Deploy.0 = Release|Any CPU
		{E49EA5D0-D3A1-4B20-A8EF-52F1B61687D0}.AppStore|ARM.ActiveCfg = Release|Any CPU
		{E49EA5D0-D3A1-4B20-A8EF-52F1B61687D0}.AppStore|ARM.Build.0 = Release|Any CPU
		{E49EA5D0-D3A1-4B20-A8EF-52F1B61687D0}.AppStore|ARM.Deploy.0 = Release|Any CPU
		{E49EA5D0-D3A1-4B20-A8EF-52F1B61687D0}.AppStore|iPhone.ActiveCfg = Release|Any CPU
		{E49EA5D0-D3A1-4B20-A8EF-52F1B61687D0}.AppStore|iPhone.Build.0 = Release|Any CPU
		{E49EA5D0-D3A1-4B20-A8EF-52F1B61687D0}.AppStore|iPhone.Deploy.0 = Release|Any CPU
		{E49EA5D0-D3A1-4B20-A8EF-52F1B61687D0}.AppStore|iPhoneSimulator.ActiveCfg = Release|Any CPU
		{E49EA5D0-D3A1-4B20-A8EF-52F1B61687D0}.AppStore|iPhoneSimulator.Build.0 = Release|Any CPU
		{E49EA5D0-D3A1-4B20-A8EF-52F1B61687D0}.AppStore|iPhoneSimulator.Deploy.0 = Release|Any CPU
		{E49EA5D0-D3A1-4B20-A8EF-52F1B61687D0}.AppStore|x64.ActiveCfg = Release|Any CPU
		{E49EA5D0-D3A1-4B20-A8EF-52F1B61687D0}.AppStore|x64.Build.0 = Release|Any CPU
		{E49EA5D0-D3A1-4B20-A8EF-52F1B61687D0}.AppStore|x64.Deploy.0 = Release|Any CPU
		{E49EA5D0-D3A1-4B20-A8EF-52F1B61687D0}.AppStore|x86.ActiveCfg = Release|Any CPU
		{E49EA5D0-D3A1-4B20-A8EF-52F1B61687D0}.AppStore|x86.Build.0 = Release|Any CPU
		{E49EA5D0-D3A1-4B20-A8EF-52F1B61687D0}.AppStore|x86.Deploy.0 = Release|Any CPU
		{E49EA5D0-D3A1-4B20-A8EF-52F1B61687D0}.Debug|Any CPU.ActiveCfg = Debug|Any CPU
		{E49EA5D0-D3A1-4B20-A8EF-52F1B61687D0}.Debug|Any CPU.Build.0 = Debug|Any CPU
		{E49EA5D0-D3A1-4B20-A8EF-52F1B61687D0}.Debug|Any CPU.Deploy.0 = Debug|Any CPU
		{E49EA5D0-D3A1-4B20-A8EF-52F1B61687D0}.Debug|ARM.ActiveCfg = Debug|Any CPU
		{E49EA5D0-D3A1-4B20-A8EF-52F1B61687D0}.Debug|ARM.Build.0 = Debug|Any CPU
		{E49EA5D0-D3A1-4B20-A8EF-52F1B61687D0}.Debug|ARM.Deploy.0 = Debug|Any CPU
		{E49EA5D0-D3A1-4B20-A8EF-52F1B61687D0}.Debug|iPhone.ActiveCfg = Debug|Any CPU
		{E49EA5D0-D3A1-4B20-A8EF-52F1B61687D0}.Debug|iPhone.Build.0 = Debug|Any CPU
		{E49EA5D0-D3A1-4B20-A8EF-52F1B61687D0}.Debug|iPhone.Deploy.0 = Debug|Any CPU
		{E49EA5D0-D3A1-4B20-A8EF-52F1B61687D0}.Debug|iPhoneSimulator.ActiveCfg = Debug|Any CPU
		{E49EA5D0-D3A1-4B20-A8EF-52F1B61687D0}.Debug|iPhoneSimulator.Build.0 = Debug|Any CPU
		{E49EA5D0-D3A1-4B20-A8EF-52F1B61687D0}.Debug|iPhoneSimulator.Deploy.0 = Debug|Any CPU
		{E49EA5D0-D3A1-4B20-A8EF-52F1B61687D0}.Debug|x64.ActiveCfg = Debug|Any CPU
		{E49EA5D0-D3A1-4B20-A8EF-52F1B61687D0}.Debug|x64.Build.0 = Debug|Any CPU
		{E49EA5D0-D3A1-4B20-A8EF-52F1B61687D0}.Debug|x64.Deploy.0 = Debug|Any CPU
		{E49EA5D0-D3A1-4B20-A8EF-52F1B61687D0}.Debug|x86.ActiveCfg = Debug|Any CPU
		{E49EA5D0-D3A1-4B20-A8EF-52F1B61687D0}.Debug|x86.Build.0 = Debug|Any CPU
		{E49EA5D0-D3A1-4B20-A8EF-52F1B61687D0}.Debug|x86.Deploy.0 = Debug|Any CPU
		{E49EA5D0-D3A1-4B20-A8EF-52F1B61687D0}.Release|Any CPU.ActiveCfg = Release|Any CPU
		{E49EA5D0-D3A1-4B20-A8EF-52F1B61687D0}.Release|Any CPU.Build.0 = Release|Any CPU
		{E49EA5D0-D3A1-4B20-A8EF-52F1B61687D0}.Release|Any CPU.Deploy.0 = Release|Any CPU
		{E49EA5D0-D3A1-4B20-A8EF-52F1B61687D0}.Release|ARM.ActiveCfg = Release|Any CPU
		{E49EA5D0-D3A1-4B20-A8EF-52F1B61687D0}.Release|ARM.Build.0 = Release|Any CPU
		{E49EA5D0-D3A1-4B20-A8EF-52F1B61687D0}.Release|ARM.Deploy.0 = Release|Any CPU
		{E49EA5D0-D3A1-4B20-A8EF-52F1B61687D0}.Release|iPhone.ActiveCfg = Release|Any CPU
		{E49EA5D0-D3A1-4B20-A8EF-52F1B61687D0}.Release|iPhone.Build.0 = Release|Any CPU
		{E49EA5D0-D3A1-4B20-A8EF-52F1B61687D0}.Release|iPhone.Deploy.0 = Release|Any CPU
		{E49EA5D0-D3A1-4B20-A8EF-52F1B61687D0}.Release|iPhoneSimulator.ActiveCfg = Release|Any CPU
		{E49EA5D0-D3A1-4B20-A8EF-52F1B61687D0}.Release|iPhoneSimulator.Build.0 = Release|Any CPU
		{E49EA5D0-D3A1-4B20-A8EF-52F1B61687D0}.Release|iPhoneSimulator.Deploy.0 = Release|Any CPU
		{E49EA5D0-D3A1-4B20-A8EF-52F1B61687D0}.Release|x64.ActiveCfg = Release|Any CPU
		{E49EA5D0-D3A1-4B20-A8EF-52F1B61687D0}.Release|x64.Build.0 = Release|Any CPU
		{E49EA5D0-D3A1-4B20-A8EF-52F1B61687D0}.Release|x64.Deploy.0 = Release|Any CPU
		{E49EA5D0-D3A1-4B20-A8EF-52F1B61687D0}.Release|x86.ActiveCfg = Release|Any CPU
		{E49EA5D0-D3A1-4B20-A8EF-52F1B61687D0}.Release|x86.Build.0 = Release|Any CPU
		{E49EA5D0-D3A1-4B20-A8EF-52F1B61687D0}.Release|x86.Deploy.0 = Release|Any CPU
		{D4E12AB7-7A01-4D1D-8356-1BF724C601A2}.Ad-Hoc|Any CPU.ActiveCfg = Ad-Hoc|iPhone
		{D4E12AB7-7A01-4D1D-8356-1BF724C601A2}.Ad-Hoc|Any CPU.Build.0 = Ad-Hoc|iPhone
		{D4E12AB7-7A01-4D1D-8356-1BF724C601A2}.Ad-Hoc|Any CPU.Deploy.0 = Ad-Hoc|iPhone
		{D4E12AB7-7A01-4D1D-8356-1BF724C601A2}.Ad-Hoc|ARM.ActiveCfg = Ad-Hoc|iPhone
		{D4E12AB7-7A01-4D1D-8356-1BF724C601A2}.Ad-Hoc|ARM.Build.0 = Ad-Hoc|iPhone
		{D4E12AB7-7A01-4D1D-8356-1BF724C601A2}.Ad-Hoc|ARM.Deploy.0 = Ad-Hoc|iPhone
		{D4E12AB7-7A01-4D1D-8356-1BF724C601A2}.Ad-Hoc|iPhone.ActiveCfg = Ad-Hoc|iPhone
		{D4E12AB7-7A01-4D1D-8356-1BF724C601A2}.Ad-Hoc|iPhone.Build.0 = Ad-Hoc|iPhone
		{D4E12AB7-7A01-4D1D-8356-1BF724C601A2}.Ad-Hoc|iPhone.Deploy.0 = Ad-Hoc|iPhone
		{D4E12AB7-7A01-4D1D-8356-1BF724C601A2}.Ad-Hoc|iPhoneSimulator.ActiveCfg = Ad-Hoc|iPhoneSimulator
		{D4E12AB7-7A01-4D1D-8356-1BF724C601A2}.Ad-Hoc|iPhoneSimulator.Build.0 = Ad-Hoc|iPhoneSimulator
		{D4E12AB7-7A01-4D1D-8356-1BF724C601A2}.Ad-Hoc|iPhoneSimulator.Deploy.0 = Ad-Hoc|iPhoneSimulator
		{D4E12AB7-7A01-4D1D-8356-1BF724C601A2}.Ad-Hoc|x64.ActiveCfg = Ad-Hoc|iPhone
		{D4E12AB7-7A01-4D1D-8356-1BF724C601A2}.Ad-Hoc|x64.Build.0 = Ad-Hoc|iPhone
		{D4E12AB7-7A01-4D1D-8356-1BF724C601A2}.Ad-Hoc|x64.Deploy.0 = Ad-Hoc|iPhone
		{D4E12AB7-7A01-4D1D-8356-1BF724C601A2}.Ad-Hoc|x86.ActiveCfg = Ad-Hoc|iPhone
		{D4E12AB7-7A01-4D1D-8356-1BF724C601A2}.Ad-Hoc|x86.Build.0 = Ad-Hoc|iPhone
		{D4E12AB7-7A01-4D1D-8356-1BF724C601A2}.Ad-Hoc|x86.Deploy.0 = Ad-Hoc|iPhone
		{D4E12AB7-7A01-4D1D-8356-1BF724C601A2}.AppStore|Any CPU.ActiveCfg = AppStore|iPhone
		{D4E12AB7-7A01-4D1D-8356-1BF724C601A2}.AppStore|Any CPU.Build.0 = AppStore|iPhone
		{D4E12AB7-7A01-4D1D-8356-1BF724C601A2}.AppStore|Any CPU.Deploy.0 = AppStore|iPhone
		{D4E12AB7-7A01-4D1D-8356-1BF724C601A2}.AppStore|ARM.ActiveCfg = AppStore|iPhone
		{D4E12AB7-7A01-4D1D-8356-1BF724C601A2}.AppStore|ARM.Build.0 = AppStore|iPhone
		{D4E12AB7-7A01-4D1D-8356-1BF724C601A2}.AppStore|ARM.Deploy.0 = AppStore|iPhone
		{D4E12AB7-7A01-4D1D-8356-1BF724C601A2}.AppStore|iPhone.ActiveCfg = AppStore|iPhone
		{D4E12AB7-7A01-4D1D-8356-1BF724C601A2}.AppStore|iPhone.Build.0 = AppStore|iPhone
		{D4E12AB7-7A01-4D1D-8356-1BF724C601A2}.AppStore|iPhone.Deploy.0 = AppStore|iPhone
		{D4E12AB7-7A01-4D1D-8356-1BF724C601A2}.AppStore|iPhoneSimulator.ActiveCfg = AppStore|iPhoneSimulator
		{D4E12AB7-7A01-4D1D-8356-1BF724C601A2}.AppStore|iPhoneSimulator.Build.0 = AppStore|iPhoneSimulator
		{D4E12AB7-7A01-4D1D-8356-1BF724C601A2}.AppStore|iPhoneSimulator.Deploy.0 = AppStore|iPhoneSimulator
		{D4E12AB7-7A01-4D1D-8356-1BF724C601A2}.AppStore|x64.ActiveCfg = AppStore|iPhone
		{D4E12AB7-7A01-4D1D-8356-1BF724C601A2}.AppStore|x64.Build.0 = AppStore|iPhone
		{D4E12AB7-7A01-4D1D-8356-1BF724C601A2}.AppStore|x64.Deploy.0 = AppStore|iPhone
		{D4E12AB7-7A01-4D1D-8356-1BF724C601A2}.AppStore|x86.ActiveCfg = AppStore|iPhone
		{D4E12AB7-7A01-4D1D-8356-1BF724C601A2}.AppStore|x86.Build.0 = AppStore|iPhone
		{D4E12AB7-7A01-4D1D-8356-1BF724C601A2}.AppStore|x86.Deploy.0 = AppStore|iPhone
		{D4E12AB7-7A01-4D1D-8356-1BF724C601A2}.Debug|Any CPU.ActiveCfg = Debug|iPhoneSimulator
		{D4E12AB7-7A01-4D1D-8356-1BF724C601A2}.Debug|Any CPU.Build.0 = Debug|iPhoneSimulator
		{D4E12AB7-7A01-4D1D-8356-1BF724C601A2}.Debug|Any CPU.Deploy.0 = Debug|iPhoneSimulator
		{D4E12AB7-7A01-4D1D-8356-1BF724C601A2}.Debug|ARM.ActiveCfg = Debug|iPhone
		{D4E12AB7-7A01-4D1D-8356-1BF724C601A2}.Debug|ARM.Build.0 = Debug|iPhone
		{D4E12AB7-7A01-4D1D-8356-1BF724C601A2}.Debug|ARM.Deploy.0 = Debug|iPhone
		{D4E12AB7-7A01-4D1D-8356-1BF724C601A2}.Debug|iPhone.ActiveCfg = Debug|iPhone
		{D4E12AB7-7A01-4D1D-8356-1BF724C601A2}.Debug|iPhone.Build.0 = Debug|iPhone
		{D4E12AB7-7A01-4D1D-8356-1BF724C601A2}.Debug|iPhone.Deploy.0 = Debug|iPhone
		{D4E12AB7-7A01-4D1D-8356-1BF724C601A2}.Debug|iPhoneSimulator.ActiveCfg = Debug|iPhoneSimulator
		{D4E12AB7-7A01-4D1D-8356-1BF724C601A2}.Debug|iPhoneSimulator.Build.0 = Debug|iPhoneSimulator
		{D4E12AB7-7A01-4D1D-8356-1BF724C601A2}.Debug|iPhoneSimulator.Deploy.0 = Debug|iPhoneSimulator
		{D4E12AB7-7A01-4D1D-8356-1BF724C601A2}.Debug|x64.ActiveCfg = Debug|iPhone
		{D4E12AB7-7A01-4D1D-8356-1BF724C601A2}.Debug|x64.Build.0 = Debug|iPhone
		{D4E12AB7-7A01-4D1D-8356-1BF724C601A2}.Debug|x64.Deploy.0 = Debug|iPhone
		{D4E12AB7-7A01-4D1D-8356-1BF724C601A2}.Debug|x86.ActiveCfg = Debug|iPhone
		{D4E12AB7-7A01-4D1D-8356-1BF724C601A2}.Debug|x86.Build.0 = Debug|iPhone
		{D4E12AB7-7A01-4D1D-8356-1BF724C601A2}.Debug|x86.Deploy.0 = Debug|iPhone
		{D4E12AB7-7A01-4D1D-8356-1BF724C601A2}.Release|Any CPU.ActiveCfg = Release|iPhone
		{D4E12AB7-7A01-4D1D-8356-1BF724C601A2}.Release|Any CPU.Build.0 = Release|iPhone
		{D4E12AB7-7A01-4D1D-8356-1BF724C601A2}.Release|Any CPU.Deploy.0 = Release|iPhone
		{D4E12AB7-7A01-4D1D-8356-1BF724C601A2}.Release|ARM.ActiveCfg = Release|iPhone
		{D4E12AB7-7A01-4D1D-8356-1BF724C601A2}.Release|ARM.Build.0 = Release|iPhone
		{D4E12AB7-7A01-4D1D-8356-1BF724C601A2}.Release|ARM.Deploy.0 = Release|iPhone
		{D4E12AB7-7A01-4D1D-8356-1BF724C601A2}.Release|iPhone.ActiveCfg = Release|iPhone
		{D4E12AB7-7A01-4D1D-8356-1BF724C601A2}.Release|iPhone.Build.0 = Release|iPhone
		{D4E12AB7-7A01-4D1D-8356-1BF724C601A2}.Release|iPhone.Deploy.0 = Release|iPhone
		{D4E12AB7-7A01-4D1D-8356-1BF724C601A2}.Release|iPhoneSimulator.ActiveCfg = Release|iPhoneSimulator
		{D4E12AB7-7A01-4D1D-8356-1BF724C601A2}.Release|iPhoneSimulator.Build.0 = Release|iPhoneSimulator
		{D4E12AB7-7A01-4D1D-8356-1BF724C601A2}.Release|iPhoneSimulator.Deploy.0 = Release|iPhoneSimulator
		{D4E12AB7-7A01-4D1D-8356-1BF724C601A2}.Release|x64.ActiveCfg = Release|iPhone
		{D4E12AB7-7A01-4D1D-8356-1BF724C601A2}.Release|x64.Build.0 = Release|iPhone
		{D4E12AB7-7A01-4D1D-8356-1BF724C601A2}.Release|x64.Deploy.0 = Release|iPhone
		{D4E12AB7-7A01-4D1D-8356-1BF724C601A2}.Release|x86.ActiveCfg = Release|iPhone
		{D4E12AB7-7A01-4D1D-8356-1BF724C601A2}.Release|x86.Build.0 = Release|iPhone
		{D4E12AB7-7A01-4D1D-8356-1BF724C601A2}.Release|x86.Deploy.0 = Release|iPhone
		{1FB47933-1BC0-40B2-AD3A-F719FC83852E}.Ad-Hoc|Any CPU.ActiveCfg = Debug|Any CPU
		{1FB47933-1BC0-40B2-AD3A-F719FC83852E}.Ad-Hoc|Any CPU.Build.0 = Debug|Any CPU
		{1FB47933-1BC0-40B2-AD3A-F719FC83852E}.Ad-Hoc|Any CPU.Deploy.0 = Debug|Any CPU
		{1FB47933-1BC0-40B2-AD3A-F719FC83852E}.Ad-Hoc|ARM.ActiveCfg = Debug|Any CPU
		{1FB47933-1BC0-40B2-AD3A-F719FC83852E}.Ad-Hoc|ARM.Build.0 = Debug|Any CPU
		{1FB47933-1BC0-40B2-AD3A-F719FC83852E}.Ad-Hoc|ARM.Deploy.0 = Debug|Any CPU
		{1FB47933-1BC0-40B2-AD3A-F719FC83852E}.Ad-Hoc|iPhone.ActiveCfg = Debug|Any CPU
		{1FB47933-1BC0-40B2-AD3A-F719FC83852E}.Ad-Hoc|iPhone.Build.0 = Debug|Any CPU
		{1FB47933-1BC0-40B2-AD3A-F719FC83852E}.Ad-Hoc|iPhone.Deploy.0 = Debug|Any CPU
		{1FB47933-1BC0-40B2-AD3A-F719FC83852E}.Ad-Hoc|iPhoneSimulator.ActiveCfg = Debug|Any CPU
		{1FB47933-1BC0-40B2-AD3A-F719FC83852E}.Ad-Hoc|iPhoneSimulator.Build.0 = Debug|Any CPU
		{1FB47933-1BC0-40B2-AD3A-F719FC83852E}.Ad-Hoc|iPhoneSimulator.Deploy.0 = Debug|Any CPU
		{1FB47933-1BC0-40B2-AD3A-F719FC83852E}.Ad-Hoc|x64.ActiveCfg = Debug|Any CPU
		{1FB47933-1BC0-40B2-AD3A-F719FC83852E}.Ad-Hoc|x64.Build.0 = Debug|Any CPU
		{1FB47933-1BC0-40B2-AD3A-F719FC83852E}.Ad-Hoc|x64.Deploy.0 = Debug|Any CPU
		{1FB47933-1BC0-40B2-AD3A-F719FC83852E}.Ad-Hoc|x86.ActiveCfg = Debug|Any CPU
		{1FB47933-1BC0-40B2-AD3A-F719FC83852E}.Ad-Hoc|x86.Build.0 = Debug|Any CPU
		{1FB47933-1BC0-40B2-AD3A-F719FC83852E}.Ad-Hoc|x86.Deploy.0 = Debug|Any CPU
		{1FB47933-1BC0-40B2-AD3A-F719FC83852E}.AppStore|Any CPU.ActiveCfg = Debug|Any CPU
		{1FB47933-1BC0-40B2-AD3A-F719FC83852E}.AppStore|Any CPU.Build.0 = Debug|Any CPU
		{1FB47933-1BC0-40B2-AD3A-F719FC83852E}.AppStore|Any CPU.Deploy.0 = Debug|Any CPU
		{1FB47933-1BC0-40B2-AD3A-F719FC83852E}.AppStore|ARM.ActiveCfg = Debug|Any CPU
		{1FB47933-1BC0-40B2-AD3A-F719FC83852E}.AppStore|ARM.Build.0 = Debug|Any CPU
		{1FB47933-1BC0-40B2-AD3A-F719FC83852E}.AppStore|ARM.Deploy.0 = Debug|Any CPU
		{1FB47933-1BC0-40B2-AD3A-F719FC83852E}.AppStore|iPhone.ActiveCfg = Debug|Any CPU
		{1FB47933-1BC0-40B2-AD3A-F719FC83852E}.AppStore|iPhone.Build.0 = Debug|Any CPU
		{1FB47933-1BC0-40B2-AD3A-F719FC83852E}.AppStore|iPhone.Deploy.0 = Debug|Any CPU
		{1FB47933-1BC0-40B2-AD3A-F719FC83852E}.AppStore|iPhoneSimulator.ActiveCfg = Debug|Any CPU
		{1FB47933-1BC0-40B2-AD3A-F719FC83852E}.AppStore|iPhoneSimulator.Build.0 = Debug|Any CPU
		{1FB47933-1BC0-40B2-AD3A-F719FC83852E}.AppStore|iPhoneSimulator.Deploy.0 = Debug|Any CPU
		{1FB47933-1BC0-40B2-AD3A-F719FC83852E}.AppStore|x64.ActiveCfg = Debug|Any CPU
		{1FB47933-1BC0-40B2-AD3A-F719FC83852E}.AppStore|x64.Build.0 = Debug|Any CPU
		{1FB47933-1BC0-40B2-AD3A-F719FC83852E}.AppStore|x64.Deploy.0 = Debug|Any CPU
		{1FB47933-1BC0-40B2-AD3A-F719FC83852E}.AppStore|x86.ActiveCfg = Debug|Any CPU
		{1FB47933-1BC0-40B2-AD3A-F719FC83852E}.AppStore|x86.Build.0 = Debug|Any CPU
		{1FB47933-1BC0-40B2-AD3A-F719FC83852E}.AppStore|x86.Deploy.0 = Debug|Any CPU
		{1FB47933-1BC0-40B2-AD3A-F719FC83852E}.Debug|Any CPU.ActiveCfg = Debug|Any CPU
		{1FB47933-1BC0-40B2-AD3A-F719FC83852E}.Debug|Any CPU.Build.0 = Debug|Any CPU
		{1FB47933-1BC0-40B2-AD3A-F719FC83852E}.Debug|Any CPU.Deploy.0 = Debug|Any CPU
		{1FB47933-1BC0-40B2-AD3A-F719FC83852E}.Debug|ARM.ActiveCfg = Debug|Any CPU
		{1FB47933-1BC0-40B2-AD3A-F719FC83852E}.Debug|ARM.Build.0 = Debug|Any CPU
		{1FB47933-1BC0-40B2-AD3A-F719FC83852E}.Debug|ARM.Deploy.0 = Debug|Any CPU
		{1FB47933-1BC0-40B2-AD3A-F719FC83852E}.Debug|iPhone.ActiveCfg = Debug|Any CPU
		{1FB47933-1BC0-40B2-AD3A-F719FC83852E}.Debug|iPhone.Build.0 = Debug|Any CPU
		{1FB47933-1BC0-40B2-AD3A-F719FC83852E}.Debug|iPhone.Deploy.0 = Debug|Any CPU
		{1FB47933-1BC0-40B2-AD3A-F719FC83852E}.Debug|iPhoneSimulator.ActiveCfg = Debug|Any CPU
		{1FB47933-1BC0-40B2-AD3A-F719FC83852E}.Debug|iPhoneSimulator.Build.0 = Debug|Any CPU
		{1FB47933-1BC0-40B2-AD3A-F719FC83852E}.Debug|iPhoneSimulator.Deploy.0 = Debug|Any CPU
		{1FB47933-1BC0-40B2-AD3A-F719FC83852E}.Debug|x64.ActiveCfg = Debug|Any CPU
		{1FB47933-1BC0-40B2-AD3A-F719FC83852E}.Debug|x64.Build.0 = Debug|Any CPU
		{1FB47933-1BC0-40B2-AD3A-F719FC83852E}.Debug|x64.Deploy.0 = Debug|Any CPU
		{1FB47933-1BC0-40B2-AD3A-F719FC83852E}.Debug|x86.ActiveCfg = Debug|Any CPU
		{1FB47933-1BC0-40B2-AD3A-F719FC83852E}.Debug|x86.Build.0 = Debug|Any CPU
		{1FB47933-1BC0-40B2-AD3A-F719FC83852E}.Debug|x86.Deploy.0 = Debug|Any CPU
		{1FB47933-1BC0-40B2-AD3A-F719FC83852E}.Release|Any CPU.ActiveCfg = Release|Any CPU
		{1FB47933-1BC0-40B2-AD3A-F719FC83852E}.Release|Any CPU.Build.0 = Release|Any CPU
		{1FB47933-1BC0-40B2-AD3A-F719FC83852E}.Release|Any CPU.Deploy.0 = Release|Any CPU
		{1FB47933-1BC0-40B2-AD3A-F719FC83852E}.Release|ARM.ActiveCfg = Release|Any CPU
		{1FB47933-1BC0-40B2-AD3A-F719FC83852E}.Release|ARM.Build.0 = Release|Any CPU
		{1FB47933-1BC0-40B2-AD3A-F719FC83852E}.Release|ARM.Deploy.0 = Release|Any CPU
		{1FB47933-1BC0-40B2-AD3A-F719FC83852E}.Release|iPhone.ActiveCfg = Release|Any CPU
		{1FB47933-1BC0-40B2-AD3A-F719FC83852E}.Release|iPhone.Build.0 = Release|Any CPU
		{1FB47933-1BC0-40B2-AD3A-F719FC83852E}.Release|iPhone.Deploy.0 = Release|Any CPU
		{1FB47933-1BC0-40B2-AD3A-F719FC83852E}.Release|iPhoneSimulator.ActiveCfg = Release|Any CPU
		{1FB47933-1BC0-40B2-AD3A-F719FC83852E}.Release|iPhoneSimulator.Build.0 = Release|Any CPU
		{1FB47933-1BC0-40B2-AD3A-F719FC83852E}.Release|iPhoneSimulator.Deploy.0 = Release|Any CPU
		{1FB47933-1BC0-40B2-AD3A-F719FC83852E}.Release|x64.ActiveCfg = Release|Any CPU
		{1FB47933-1BC0-40B2-AD3A-F719FC83852E}.Release|x64.Build.0 = Release|Any CPU
		{1FB47933-1BC0-40B2-AD3A-F719FC83852E}.Release|x64.Deploy.0 = Release|Any CPU
		{1FB47933-1BC0-40B2-AD3A-F719FC83852E}.Release|x86.ActiveCfg = Release|Any CPU
		{1FB47933-1BC0-40B2-AD3A-F719FC83852E}.Release|x86.Build.0 = Release|Any CPU
		{1FB47933-1BC0-40B2-AD3A-F719FC83852E}.Release|x86.Deploy.0 = Release|Any CPU
	EndGlobalSection
	GlobalSection(SolutionProperties) = preSolution
		HideSolutionNode = FALSE
	EndGlobalSection
	GlobalSection(ExtensibilityGlobals) = postSolution
		SolutionGuid = {FF4C0807-CCDE-41D6-9FD1-302E5BA6EE9F}
	EndGlobalSection
EndGlobal
